
Microsoft Visual Studio Solution File, Format Version 12.00
# Visual Studio Version 17
VisualStudioVersion = 17.14.36414.22 d17.14
MinimumVisualStudioVersion = 10.0.40219.1
Project("{888888A0-9F3D-457C-B088-3A5042F75D52}") = "Pida_dcp", "Pida_dcp.pyproj", "{CAFB60F7-0567-4F55-978E-596DA1C90B26}"
EndProject
Global
	GlobalSection(SolutionConfigurationPlatforms) = preSolution
		Debug|Any CPU = Debug|Any CPU
		Release|Any CPU = Release|Any CPU
	EndGlobalSection
	GlobalSection(ProjectConfigurationPlatforms) = postSolution
		{CAFB60F7-0567-4F55-978E-596DA1C90B26}.Debug|Any CPU.ActiveCfg = Debug|Any CPU
		{CAFB60F7-0567-4F55-978E-596DA1C90B26}.Release|Any CPU.ActiveCfg = Release|Any CPU
	EndGlobalSection
	GlobalSection(SolutionProperties) = preSolution
		HideSolutionNode = FALSE
	EndGlobalSection
	GlobalSection(ExtensibilityGlobals) = postSolution
		SolutionGuid = {04FDF992-127D-4F57-826C-2D0CFD09710E}
	EndGlobalSection
EndGlobal
